
Microsoft Visual Studio Solution File, Format Version 12.00
# Visual Studio 15
VisualStudioVersion = 15.0.27703.2035
MinimumVisualStudioVersion = 10.0.40219.1
Project("{FAE04EC0-301F-11D3-BF4B-00C04F79EFBC}") = "crasher", "crasher\crasher.csproj", "{208C52E0-EE10-4DB6-A4AF-2453510ECFD9}"
EndProject
Global
	GlobalSection(SolutionConfigurationPlatforms) = preSolution
		Debug|Any CPU = Debug|Any CPU
		Release|Any CPU = Release|Any CPU
	EndGlobalSection
	GlobalSection(ProjectConfigurationPlatforms) = postSolution
		{208C52E0-EE10-4DB6-A4AF-2453510ECFD9}.Debug|Any CPU.ActiveCfg = Debug|Any CPU
		{208C52E0-EE10-4DB6-A4AF-2453510ECFD9}.Debug|Any CPU.Build.0 = Debug|Any CPU
		{208C52E0-EE10-4DB6-A4AF-2453510ECFD9}.Release|Any CPU.ActiveCfg = Release|Any CPU
		{208C52E0-EE10-4DB6-A4AF-2453510ECFD9}.Release|Any CPU.Build.0 = Release|Any CPU
	EndGlobalSection
	GlobalSection(SolutionProperties) = preSolution
		HideSolutionNode = FALSE
	EndGlobalSection
	GlobalSection(ExtensibilityGlobals) = postSolution
		SolutionGuid = {BCFB6510-54DE-4FF5-8FC2-0D125B4A5EEF}
	EndGlobalSection
EndGlobal
